
Microsoft Visual Studio Solution File, Format Version 12.00
# Visual Studio 15
VisualStudioVersion = 15.0.28307.329
MinimumVisualStudioVersion = 10.0.40219.1
Project("{FAE04EC0-301F-11D3-BF4B-00C04F79EFBC}") = "TestePagamentoFuncionario", "TestePagamentoFuncionario\TestePagamentoFuncionario.csproj", "{8497A762-4DCA-41EF-A3D7-64C12C1B3BE6}"
EndProject
Global
	GlobalSection(SolutionConfigurationPlatforms) = preSolution
		Debug|Any CPU = Debug|Any CPU
		Release|Any CPU = Release|Any CPU
	EndGlobalSection
	GlobalSection(ProjectConfigurationPlatforms) = postSolution
		{8497A762-4DCA-41EF-A3D7-64C12C1B3BE6}.Debug|Any CPU.ActiveCfg = Debug|Any CPU
		{8497A762-4DCA-41EF-A3D7-64C12C1B3BE6}.Debug|Any CPU.Build.0 = Debug|Any CPU
		{8497A762-4DCA-41EF-A3D7-64C12C1B3BE6}.Release|Any CPU.ActiveCfg = Release|Any CPU
		{8497A762-4DCA-41EF-A3D7-64C12C1B3BE6}.Release|Any CPU.Build.0 = Release|Any CPU
	EndGlobalSection
	GlobalSection(SolutionProperties) = preSolution
		HideSolutionNode = FALSE
	EndGlobalSection
	GlobalSection(ExtensibilityGlobals) = postSolution
		SolutionGuid = {585C66C9-078B-46C8-A6D6-140FAF9DF8B6}
	EndGlobalSection
EndGlobal
